
Microsoft Visual Studio Solution File, Format Version 12.00
# Visual Studio Version 16
VisualStudioVersion = 16.0.30413.136
MinimumVisualStudioVersion = 10.0.40219.1
Project("{9A19103F-16F7-4668-BE54-9A1E7A4F7556}") = "LodmodsDM", "LodmodsDM.csproj", "{0EAF8E16-06FE-4C0B-9F04-FEB7A6EEAEE0}"
EndProject
Project("{9A19103F-16F7-4668-BE54-9A1E7A4F7556}") = "LodmodsDMTest", "..\LodmodsTest\LodmodsDMTest.csproj", "{5B60A41F-6A68-41F4-8016-A0512A137E92}"
EndProject
Project("{FAE04EC0-301F-11D3-BF4B-00C04F79EFBC}") = "LodmodsGUI", "..\LodmodsGUI\LodmodsGUI.csproj", "{81286728-A5D4-437B-9D8A-33104A9D78A0}"
EndProject
Global
	GlobalSection(SolutionConfigurationPlatforms) = preSolution
		Debug|Any CPU = Debug|Any CPU
		Release|Any CPU = Release|Any CPU
	EndGlobalSection
	GlobalSection(ProjectConfigurationPlatforms) = postSolution
		{0EAF8E16-06FE-4C0B-9F04-FEB7A6EEAEE0}.Debug|Any CPU.ActiveCfg = Debug|Any CPU
		{0EAF8E16-06FE-4C0B-9F04-FEB7A6EEAEE0}.Debug|Any CPU.Build.0 = Debug|Any CPU
		{0EAF8E16-06FE-4C0B-9F04-FEB7A6EEAEE0}.Release|Any CPU.ActiveCfg = Release|Any CPU
		{0EAF8E16-06FE-4C0B-9F04-FEB7A6EEAEE0}.Release|Any CPU.Build.0 = Release|Any CPU
		{5B60A41F-6A68-41F4-8016-A0512A137E92}.Debug|Any CPU.ActiveCfg = Debug|Any CPU
		{5B60A41F-6A68-41F4-8016-A0512A137E92}.Debug|Any CPU.Build.0 = Debug|Any CPU
		{5B60A41F-6A68-41F4-8016-A0512A137E92}.Release|Any CPU.ActiveCfg = Release|Any CPU
		{5B60A41F-6A68-41F4-8016-A0512A137E92}.Release|Any CPU.Build.0 = Release|Any CPU
		{81286728-A5D4-437B-9D8A-33104A9D78A0}.Debug|Any CPU.ActiveCfg = Debug|Any CPU
		{81286728-A5D4-437B-9D8A-33104A9D78A0}.Debug|Any CPU.Build.0 = Debug|Any CPU
		{81286728-A5D4-437B-9D8A-33104A9D78A0}.Release|Any CPU.ActiveCfg = Release|Any CPU
		{81286728-A5D4-437B-9D8A-33104A9D78A0}.Release|Any CPU.Build.0 = Release|Any CPU
	EndGlobalSection
	GlobalSection(SolutionProperties) = preSolution
		HideSolutionNode = FALSE
	EndGlobalSection
	GlobalSection(ExtensibilityGlobals) = postSolution
		SolutionGuid = {15908C39-ABD9-4151-B4E0-E3DFB06CD98B}
	EndGlobalSection
EndGlobal
